<?xml version="1.0" encoding="utf-8"?>
<Project ToolsVersion="4.0" xmlns="http://schemas.microsoft.com/developer/msbuild/2003">
  <ItemGroup>
    <Filter Include="Source Files">
      <UniqueIdentifier>{4FC737F1-C7A5-4376-A066-2A32D752A2FF}</UniqueIdentifier>
      <Extensions>cpp;c;cc;cxx;def;odl;idl;hpj;bat;asm;asmx</Extensions>
    </Filter>
    <Filter Include="Header Files">
      <UniqueIdentifier>{93995380-89BD-4b04-88EB-625FBE52EBFB}</UniqueIdentifier>
      <Extensions>h;hh;hpp;hxx;hm;inl;inc;xsd</Extensions>
    </Filter>
    <Filter Include="Resource Files">
      <UniqueIdentifier>{67DA6AB6-F800-4c08-8B7A-83BB121AAD01}</UniqueIdentifier>
      <Extensions>rc;ico;cur;bmp;dlg;rc2;rct;bin;rgs;gif;jpg;jpeg;jpe;resx;tiff;tif;png;wav;mfcribbon-ms</Extensions>
    </Filter>
  </ItemGroup>
  <ItemGroup>
    <ClCompile Include="gw2_pois.cpp">
      <Filter>Source Files</Filter>
    </ClCompile>
    <ClCompile Include="gw2_tactical.cpp">
      <Filter>Source Files</Filter>
    </ClCompile>
    <ClCompile Include="map_timer.cpp">
      <Filter>Source Files</Filter>
    </ClCompile>
    <ClCompile Include="mouse_highlight.cpp">
      <Filter>Source Files</Filter>
    </ClCompile>
    <ClCompile Include="mumble_link.cpp">
      <Filter>Source Files</Filter>
    </ClCompile>
    <ClCompile Include="overlay_application.cpp">
      <Filter>Source Files</Filter>
    </ClCompile>
    <ClCompile Include="pro_font.cpp">
      <Filter>Source Files</Filter>
    </ClCompile>
    <ClCompile Include="overlay_config.cpp">
      <Filter>Source Files</Filter>
    </ClCompile>
    <ClCompile Include="gw2_taco.cpp">
      <Filter>Source Files</Filter>
    </ClCompile>
    <ClCompile Include="overlay_window.cpp">
      <Filter>Source Files</Filter>
    </ClCompile>
    <ClCompile Include="build_info.cpp">
      <Filter>Source Files</Filter>
    </ClCompile>
    <ClCompile Include="ts3_connection.cpp">
      <Filter>Source Files</Filter>
    </ClCompile>
    <ClCompile Include="ts3_control.cpp">
      <Filter>Source Files</Filter>
    </ClCompile>
    <ClCompile Include="locational_timer.cpp">
      <Filter>Source Files</Filter>
    </ClCompile>
    <ClCompile Include="marker_editor.cpp">
      <Filter>Source Files</Filter>
    </ClCompile>
    <ClCompile Include="tactical_compass.cpp">
      <Filter>Source Files</Filter>
    </ClCompile>
    <ClCompile Include="range_display.cpp">
      <Filter>Source Files</Filter>
    </ClCompile>
    <ClCompile Include="hp_grid.cpp">
      <Filter>Source Files</Filter>
    </ClCompile>
    <ClCompile Include="notepad.cpp">
      <Filter>Source Files</Filter>
    </ClCompile>
    <ClCompile Include="gw2_api.cpp">
      <Filter>Source Files</Filter>
    </ClCompile>
    <ClCompile Include="raid_progress.cpp">
      <Filter>Source Files</Filter>
    </ClCompile>
    <ClCompile Include="dungeon_progress.cpp">
      <Filter>Source Files</Filter>
    </ClCompile>
    <ClCompile Include="wvw.cpp">
      <Filter>Source Files</Filter>
    </ClCompile>
    <ClCompile Include="special_gui_items.cpp">
      <Filter>Source Files</Filter>
    </ClCompile>
    <ClCompile Include="trail_logger.cpp">
      <Filter>Source Files</Filter>
    </ClCompile>
    <ClCompile Include="language.cpp">
      <Filter>Source Files</Filter>
    </ClCompile>
    <ClCompile Include="tp_tracker.cpp">
      <Filter>Source Files</Filter>
    </ClCompile>
  </ItemGroup>
  <ItemGroup>
    <ClInclude Include="gw2_tactical.h">
      <Filter>Header Files</Filter>
    </ClInclude>
    <ClInclude Include="map_timer.h">
      <Filter>Header Files</Filter>
    </ClInclude>
    <ClInclude Include="mouse_highlight.h">
      <Filter>Header Files</Filter>
    </ClInclude>
    <ClInclude Include="mumble_link.h">
      <Filter>Header Files</Filter>
    </ClInclude>
    <ClInclude Include="overlay_application.h">
      <Filter>Header Files</Filter>
    </ClInclude>
    <ClInclude Include="pro_font.h">
      <Filter>Header Files</Filter>
    </ClInclude>
    <ClInclude Include="overlay_config.h">
      <Filter>Header Files</Filter>
    </ClInclude>
    <ClInclude Include="gw2_taco.h">
      <Filter>Header Files</Filter>
    </ClInclude>
    <ClInclude Include="overlay_window.h">
      <Filter>Header Files</Filter>
    </ClInclude>
    <ClInclude Include="build_count.h">
      <Filter>Header Files</Filter>
    </ClInclude>
    <ClInclude Include="build_info.h">
      <Filter>Header Files</Filter>
    </ClInclude>
    <ClInclude Include="ts3_connection.h">
      <Filter>Header Files</Filter>
    </ClInclude>
    <ClInclude Include="resource.h">
      <Filter>Header Files</Filter>
    </ClInclude>
    <ClInclude Include="ts3_control.h">
      <Filter>Header Files</Filter>
    </ClInclude>
    <ClInclude Include="locational_timer.h">
      <Filter>Header Files</Filter>
    </ClInclude>
    <ClInclude Include="marker_editor.h">
      <Filter>Header Files</Filter>
    </ClInclude>
    <ClInclude Include="tactical_compass.h">
      <Filter>Header Files</Filter>
    </ClInclude>
    <ClInclude Include="range_display.h">
      <Filter>Header Files</Filter>
    </ClInclude>
    <ClInclude Include="hp_grid.h">
      <Filter>Header Files</Filter>
    </ClInclude>
    <ClInclude Include="notepad.h">
      <Filter>Header Files</Filter>
    </ClInclude>
    <ClInclude Include="gw2_api.h">
      <Filter>Header Files</Filter>
    </ClInclude>
    <ClInclude Include="raid_progress.h">
      <Filter>Header Files</Filter>
    </ClInclude>
    <ClInclude Include="dungeon_progress.h">
      <Filter>Header Files</Filter>
    </ClInclude>
    <ClInclude Include="wvw.h">
      <Filter>Header Files</Filter>
    </ClInclude>
    <ClInclude Include="special_gui_items.h">
      <Filter>Header Files</Filter>
    </ClInclude>
    <ClInclude Include="trail_logger.h">
      <Filter>Header Files</Filter>
    </ClInclude>
    <ClInclude Include="language.h">
      <Filter>Header Files</Filter>
    </ClInclude>
    <ClInclude Include="tp_tracker.h">
      <Filter>Header Files</Filter>
    </ClInclude>
  </ItemGroup>
  <ItemGroup>
    <Xml Include="poidata.xml" />
    <Xml Include="UI.xml" />
    <Xml Include="maptimer.xml" />
    <Xml Include="TacO_Language_en.xml">
      <Filter>Resource Files</Filter>
    </Xml>
  </ItemGroup>
  <ItemGroup>
    <None Include="UI.css" />
  </ItemGroup>
  <ItemGroup>
    <ResourceCompile Include="GW2TacO.rc">
      <Filter>Resource Files</Filter>
    </ResourceCompile>
  </ItemGroup>
  <ItemGroup>
    <Image Include="Taco-16.ico">
      <Filter>Resource Files</Filter>
    </Image>
  </ItemGroup>
  <ItemGroup>
    <Text Include="notepad.txt">
      <Filter>Resource Files</Filter>
    </Text>
  </ItemGroup>
</Project>