
Microsoft Visual Studio Solution File, Format Version 12.00
# Visual Studio Version 17
VisualStudioVersion = 17.0.32014.148
MinimumVisualStudioVersion = 10.0.40219.1
Project("{8BC9CEB8-8B4A-11D0-8D11-00A0C91BC942}") = "GW2TacO", "GW2Overlay.vcxproj", "{FFBBEB7A-0F24-4FB6-A448-CADCC47FE0F3}"
	ProjectSection(ProjectDependencies) = postProject
		{ECDB5E35-F1F9-4619-88E7-B9F14F4E0A1A} = {ECDB5E35-F1F9-4619-88E7-B9F14F4E0A1A}
	EndProjectSection
EndProject
Project("{8BC9CEB8-8B4A-11D0-8D11-00A0C91BC942}") = "third_party", "src\util\UtilLib.vcxproj", "{ECDB5E35-F1F9-4619-88E7-B9F14F4E0A1A}"
EndProject
Global
	GlobalSection(SolutionConfigurationPlatforms) = preSolution
		Debug_MultiByte|Win32 = Debug_MultiByte|Win32
		Debug_MultiByte|x64 = Debug_MultiByte|x64
		Debug|Win32 = Debug|Win32
		Debug|x64 = Debug|x64
		Release_MultiByte|Win32 = Release_MultiByte|Win32
		Release_MultiByte|x64 = Release_MultiByte|x64
		Release|Win32 = Release|Win32
		Release|x64 = Release|x64
	EndGlobalSection
	GlobalSection(ProjectConfigurationPlatforms) = postSolution
		{FFBBEB7A-0F24-4FB6-A448-CADCC47FE0F3}.Debug_MultiByte|Win32.ActiveCfg = Debug|Win32
		{FFBBEB7A-0F24-4FB6-A448-CADCC47FE0F3}.Debug_MultiByte|Win32.Build.0 = Debug|Win32
		{FFBBEB7A-0F24-4FB6-A448-CADCC47FE0F3}.Debug_MultiByte|x64.ActiveCfg = Debug|x64
		{FFBBEB7A-0F24-4FB6-A448-CADCC47FE0F3}.Debug_MultiByte|x64.Build.0 = Debug|x64
		{FFBBEB7A-0F24-4FB6-A448-CADCC47FE0F3}.Debug|Win32.ActiveCfg = Debug|Win32
		{FFBBEB7A-0F24-4FB6-A448-CADCC47FE0F3}.Debug|Win32.Build.0 = Debug|Win32
		{FFBBEB7A-0F24-4FB6-A448-CADCC47FE0F3}.Debug|x64.ActiveCfg = Debug|x64
		{FFBBEB7A-0F24-4FB6-A448-CADCC47FE0F3}.Debug|x64.Build.0 = Debug|x64
		{FFBBEB7A-0F24-4FB6-A448-CADCC47FE0F3}.Release_MultiByte|Win32.ActiveCfg = Release|Win32
		{FFBBEB7A-0F24-4FB6-A448-CADCC47FE0F3}.Release_MultiByte|Win32.Build.0 = Release|Win32
		{FFBBEB7A-0F24-4FB6-A448-CADCC47FE0F3}.Release_MultiByte|x64.ActiveCfg = Release64|x64
		{FFBBEB7A-0F24-4FB6-A448-CADCC47FE0F3}.Release_MultiByte|x64.Build.0 = Release64|x64
		{FFBBEB7A-0F24-4FB6-A448-CADCC47FE0F3}.Release|Win32.ActiveCfg = Release|Win32
		{FFBBEB7A-0F24-4FB6-A448-CADCC47FE0F3}.Release|Win32.Build.0 = Release|Win32
		{FFBBEB7A-0F24-4FB6-A448-CADCC47FE0F3}.Release|x64.ActiveCfg = Release|x64
		{FFBBEB7A-0F24-4FB6-A448-CADCC47FE0F3}.Release|x64.Build.0 = Release|x64
		{ECDB5E35-F1F9-4619-88E7-B9F14F4E0A1A}.Debug_MultiByte|Win32.ActiveCfg = Debug_MultiByte|Win32
		{ECDB5E35-F1F9-4619-88E7-B9F14F4E0A1A}.Debug_MultiByte|Win32.Build.0 = Debug_MultiByte|Win32
		{ECDB5E35-F1F9-4619-88E7-B9F14F4E0A1A}.Debug_MultiByte|x64.ActiveCfg = Debug_MultiByte|x64
		{ECDB5E35-F1F9-4619-88E7-B9F14F4E0A1A}.Debug_MultiByte|x64.Build.0 = Debug_MultiByte|x64
		{ECDB5E35-F1F9-4619-88E7-B9F14F4E0A1A}.Debug|Win32.ActiveCfg = Debug_MultiByte|Win32
		{ECDB5E35-F1F9-4619-88E7-B9F14F4E0A1A}.Debug|Win32.Build.0 = Debug_MultiByte|Win32
		{ECDB5E35-F1F9-4619-88E7-B9F14F4E0A1A}.Debug|x64.ActiveCfg = Debug_MultiByte|x64
		{ECDB5E35-F1F9-4619-88E7-B9F14F4E0A1A}.Debug|x64.Build.0 = Debug_MultiByte|x64
		{ECDB5E35-F1F9-4619-88E7-B9F14F4E0A1A}.Release_MultiByte|Win32.ActiveCfg = Release_MultiByte|Win32
		{ECDB5E35-F1F9-4619-88E7-B9F14F4E0A1A}.Release_MultiByte|Win32.Build.0 = Release_MultiByte|Win32
		{ECDB5E35-F1F9-4619-88E7-B9F14F4E0A1A}.Release_MultiByte|x64.ActiveCfg = Release_MultiByte|x64
		{ECDB5E35-F1F9-4619-88E7-B9F14F4E0A1A}.Release_MultiByte|x64.Build.0 = Release_MultiByte|x64
		{ECDB5E35-F1F9-4619-88E7-B9F14F4E0A1A}.Release|Win32.ActiveCfg = Release_MultiByte|Win32
		{ECDB5E35-F1F9-4619-88E7-B9F14F4E0A1A}.Release|Win32.Build.0 = Release_MultiByte|Win32
		{ECDB5E35-F1F9-4619-88E7-B9F14F4E0A1A}.Release|x64.ActiveCfg = Release64|x64
		{ECDB5E35-F1F9-4619-88E7-B9F14F4E0A1A}.Release|x64.Build.0 = Release64|x64
	EndGlobalSection
	GlobalSection(SolutionProperties) = preSolution
		HideSolutionNode = FALSE
	EndGlobalSection
	GlobalSection(ExtensibilityGlobals) = postSolution
		SolutionGuid = {F0E0DB2B-6A84-4419-9E51-FFF1B5A4795E}
	EndGlobalSection
EndGlobal
